{
  "name": "final_projects",
  "version": "1.0.0",
  "lockfileVersion": 1,
  "requires": true,
  "dependencies": {
    "weui-wxss": {
      "version": "2.0.1",
      "resolved": "https://registry.npmjs.org/weui-wxss/-/weui-wxss-2.0.1.tgz",
      "integrity": "sha512-UUTaQ+CXR20jLOu6+pbv4LHBPG3ErD3OktpnB9YB5nrMyQ7Ntkg12yZkizEBAlY/MxTEoAb6mT9KRkLAlNWdMg=="
    },
    "wxa-plugin-canvas": {
      "version": "1.1.11",
      "resolved": "https://registry.npmjs.org/wxa-plugin-canvas/-/wxa-plugin-canvas-1.1.11.tgz",
      "integrity": "sha512-xcEVfJZJoFwaxKWB9tjcU+IzZ1hHkFGRXccddWya10EoGM4ljKh3yeKdheS6eTV8Xu37zciMUYXXINn6R2Km/g=="
    }
  }
}
